
Microsoft Visual Studio Solution File, Format Version 12.00
# Visual Studio Version 16
VisualStudioVersion = 16.0.31911.196
MinimumVisualStudioVersion = 10.0.40219.1
Project("{FAE04EC0-301F-11D3-BF4B-00C04F79EFBC}") = "ConsoleApp.Задача.9", "ConsoleApp.Задача.9\ConsoleApp.Задача.9.csproj", "{5F2B5B69-29E7-4195-9FE8-6168A3E43D46}"
EndProject
Global
	GlobalSection(SolutionConfigurationPlatforms) = preSolution
		Debug|Any CPU = Debug|Any CPU
		Release|Any CPU = Release|Any CPU
	EndGlobalSection
	GlobalSection(ProjectConfigurationPlatforms) = postSolution
		{5F2B5B69-29E7-4195-9FE8-6168A3E43D46}.Debug|Any CPU.ActiveCfg = Debug|Any CPU
		{5F2B5B69-29E7-4195-9FE8-6168A3E43D46}.Debug|Any CPU.Build.0 = Debug|Any CPU
		{5F2B5B69-29E7-4195-9FE8-6168A3E43D46}.Release|Any CPU.ActiveCfg = Release|Any CPU
		{5F2B5B69-29E7-4195-9FE8-6168A3E43D46}.Release|Any CPU.Build.0 = Release|Any CPU
	EndGlobalSection
	GlobalSection(SolutionProperties) = preSolution
		HideSolutionNode = FALSE
	EndGlobalSection
	GlobalSection(ExtensibilityGlobals) = postSolution
		SolutionGuid = {6ADCF3F8-0B4C-40D5-A7B5-B8024AD9A940}
	EndGlobalSection
EndGlobal
